
Microsoft Visual Studio Solution File, Format Version 12.00
# Visual Studio 14
VisualStudioVersion = 14.0.24720.0
MinimumVisualStudioVersion = 10.0.40219.1
Project("{FAE04EC0-301F-11D3-BF4B-00C04F79EFBC}") = "ColorPickerApp.Droid", "ColorPickerApp\ColorPickerApp.Droid\ColorPickerApp.Droid.csproj", "{B68D0ACB-4239-4B2F-B240-BC7C0B16F623}"
EndProject
Project("{FAE04EC0-301F-11D3-BF4B-00C04F79EFBC}") = "ColorPickerApp.iOS", "ColorPickerApp\ColorPickerApp.iOS\ColorPickerApp.iOS.csproj", "{D67DE692-4D46-498E-90D1-D4A4C247EEBC}"
EndProject
Project("{FAE04EC0-301F-11D3-BF4B-00C04F79EFBC}") = "ColorPickerApp.WinPhone", "ColorPickerApp\ColorPickerApp.WinPhone\ColorPickerApp.WinPhone.csproj", "{F0A7798B-49C5-465F-83C6-A8733EFF013D}"
EndProject
Project("{FAE04EC0-301F-11D3-BF4B-00C04F79EFBC}") = "ColorPickerApp", "ColorPickerApp\ColorPickerApp\ColorPickerApp.csproj", "{39CB5FBA-CE22-4AD9-BAFA-02ED046680A4}"
EndProject
Global
	GlobalSection(SolutionConfigurationPlatforms) = preSolution
		Ad-Hoc|Any CPU = Ad-Hoc|Any CPU
		Ad-Hoc|ARM = Ad-Hoc|ARM
		Ad-Hoc|iPhone = Ad-Hoc|iPhone
		Ad-Hoc|iPhoneSimulator = Ad-Hoc|iPhoneSimulator
		Ad-Hoc|x86 = Ad-Hoc|x86
		AppStore|Any CPU = AppStore|Any CPU
		AppStore|ARM = AppStore|ARM
		AppStore|iPhone = AppStore|iPhone
		AppStore|iPhoneSimulator = AppStore|iPhoneSimulator
		AppStore|x86 = AppStore|x86
		Debug|Any CPU = Debug|Any CPU
		Debug|ARM = Debug|ARM
		Debug|iPhone = Debug|iPhone
		Debug|iPhoneSimulator = Debug|iPhoneSimulator
		Debug|x86 = Debug|x86
		Release|Any CPU = Release|Any CPU
		Release|ARM = Release|ARM
		Release|iPhone = Release|iPhone
		Release|iPhoneSimulator = Release|iPhoneSimulator
		Release|x86 = Release|x86
	EndGlobalSection
	GlobalSection(ProjectConfigurationPlatforms) = postSolution
		{B68D0ACB-4239-4B2F-B240-BC7C0B16F623}.Ad-Hoc|Any CPU.ActiveCfg = Release|Any CPU
		{B68D0ACB-4239-4B2F-B240-BC7C0B16F623}.Ad-Hoc|Any CPU.Build.0 = Release|Any CPU
		{B68D0ACB-4239-4B2F-B240-BC7C0B16F623}.Ad-Hoc|Any CPU.Deploy.0 = Release|Any CPU
		{B68D0ACB-4239-4B2F-B240-BC7C0B16F623}.Ad-Hoc|ARM.ActiveCfg = Release|Any CPU
		{B68D0ACB-4239-4B2F-B240-BC7C0B16F623}.Ad-Hoc|ARM.Build.0 = Release|Any CPU
		{B68D0ACB-4239-4B2F-B240-BC7C0B16F623}.Ad-Hoc|ARM.Deploy.0 = Release|Any CPU
		{B68D0ACB-4239-4B2F-B240-BC7C0B16F623}.Ad-Hoc|iPhone.ActiveCfg = Release|Any CPU
		{B68D0ACB-4239-4B2F-B240-BC7C0B16F623}.Ad-Hoc|iPhone.Build.0 = Release|Any CPU
		{B68D0ACB-4239-4B2F-B240-BC7C0B16F623}.Ad-Hoc|iPhone.Deploy.0 = Release|Any CPU
		{B68D0ACB-4239-4B2F-B240-BC7C0B16F623}.Ad-Hoc|iPhoneSimulator.ActiveCfg = Release|Any CPU
		{B68D0ACB-4239-4B2F-B240-BC7C0B16F623}.Ad-Hoc|iPhoneSimulator.Build.0 = Release|Any CPU
		{B68D0ACB-4239-4B2F-B240-BC7C0B16F623}.Ad-Hoc|iPhoneSimulator.Deploy.0 = Release|Any CPU
		{B68D0ACB-4239-4B2F-B240-BC7C0B16F623}.Ad-Hoc|x86.ActiveCfg = Release|Any CPU
		{B68D0ACB-4239-4B2F-B240-BC7C0B16F623}.Ad-Hoc|x86.Build.0 = Release|Any CPU
		{B68D0ACB-4239-4B2F-B240-BC7C0B16F623}.Ad-Hoc|x86.Deploy.0 = Release|Any CPU
		{B68D0ACB-4239-4B2F-B240-BC7C0B16F623}.AppStore|Any CPU.ActiveCfg = Release|Any CPU
		{B68D0ACB-4239-4B2F-B240-BC7C0B16F623}.AppStore|Any CPU.Build.0 = Release|Any CPU
		{B68D0ACB-4239-4B2F-B240-BC7C0B16F623}.AppStore|Any CPU.Deploy.0 = Release|Any CPU
		{B68D0ACB-4239-4B2F-B240-BC7C0B16F623}.AppStore|ARM.ActiveCfg = Release|Any CPU
		{B68D0ACB-4239-4B2F-B240-BC7C0B16F623}.AppStore|ARM.Build.0 = Release|Any CPU
		{B68D0ACB-4239-4B2F-B240-BC7C0B16F623}.AppStore|ARM.Deploy.0 = Release|Any CPU
		{B68D0ACB-4239-4B2F-B240-BC7C0B16F623}.AppStore|iPhone.ActiveCfg = Release|Any CPU
		{B68D0ACB-4239-4B2F-B240-BC7C0B16F623}.AppStore|iPhone.Build.0 = Release|Any CPU
		{B68D0ACB-4239-4B2F-B240-BC7C0B16F623}.AppStore|iPhone.Deploy.0 = Release|Any CPU
		{B68D0ACB-4239-4B2F-B240-BC7C0B16F623}.AppStore|iPhoneSimulator.ActiveCfg = Release|Any CPU
		{B68D0ACB-4239-4B2F-B240-BC7C0B16F623}.AppStore|iPhoneSimulator.Build.0 = Release|Any CPU
		{B68D0ACB-4239-4B2F-B240-BC7C0B16F623}.AppStore|iPhoneSimulator.Deploy.0 = Release|Any CPU
		{B68D0ACB-4239-4B2F-B240-BC7C0B16F623}.AppStore|x86.ActiveCfg = Release|Any CPU
		{B68D0ACB-4239-4B2F-B240-BC7C0B16F623}.AppStore|x86.Build.0 = Release|Any CPU
		{B68D0ACB-4239-4B2F-B240-BC7C0B16F623}.AppStore|x86.Deploy.0 = Release|Any CPU
		{B68D0ACB-4239-4B2F-B240-BC7C0B16F623}.Debug|Any CPU.ActiveCfg = Debug|Any CPU
		{B68D0ACB-4239-4B2F-B240-BC7C0B16F623}.Debug|Any CPU.Build.0 = Debug|Any CPU
		{B68D0ACB-4239-4B2F-B240-BC7C0B16F623}.Debug|Any CPU.Deploy.0 = Debug|Any CPU
		{B68D0ACB-4239-4B2F-B240-BC7C0B16F623}.Debug|ARM.ActiveCfg = Debug|Any CPU
		{B68D0ACB-4239-4B2F-B240-BC7C0B16F623}.Debug|ARM.Build.0 = Debug|Any CPU
		{B68D0ACB-4239-4B2F-B240-BC7C0B16F623}.Debug|ARM.Deploy.0 = Debug|Any CPU
		{B68D0ACB-4239-4B2F-B240-BC7C0B16F623}.Debug|iPhone.ActiveCfg = Debug|Any CPU
		{B68D0ACB-4239-4B2F-B240-BC7C0B16F623}.Debug|iPhone.Build.0 = Debug|Any CPU
		{B68D0ACB-4239-4B2F-B240-BC7C0B16F623}.Debug|iPhone.Deploy.0 = Debug|Any CPU
		{B68D0ACB-4239-4B2F-B240-BC7C0B16F623}.Debug|iPhoneSimulator.ActiveCfg = Debug|Any CPU
		{B68D0ACB-4239-4B2F-B240-BC7C0B16F623}.Debug|iPhoneSimulator.Build.0 = Debug|Any CPU
		{B68D0ACB-4239-4B2F-B240-BC7C0B16F623}.Debug|iPhoneSimulator.Deploy.0 = Debug|Any CPU
		{B68D0ACB-4239-4B2F-B240-BC7C0B16F623}.Debug|x86.ActiveCfg = Debug|Any CPU
		{B68D0ACB-4239-4B2F-B240-BC7C0B16F623}.Debug|x86.Build.0 = Debug|Any CPU
		{B68D0ACB-4239-4B2F-B240-BC7C0B16F623}.Debug|x86.Deploy.0 = Debug|Any CPU
		{B68D0ACB-4239-4B2F-B240-BC7C0B16F623}.Release|Any CPU.ActiveCfg = Release|Any CPU
		{B68D0ACB-4239-4B2F-B240-BC7C0B16F623}.Release|Any CPU.Build.0 = Release|Any CPU
		{B68D0ACB-4239-4B2F-B240-BC7C0B16F623}.Release|Any CPU.Deploy.0 = Release|Any CPU
		{B68D0ACB-4239-4B2F-B240-BC7C0B16F623}.Release|ARM.ActiveCfg = Release|Any CPU
		{B68D0ACB-4239-4B2F-B240-BC7C0B16F623}.Release|ARM.Build.0 = Release|Any CPU
		{B68D0ACB-4239-4B2F-B240-BC7C0B16F623}.Release|ARM.Deploy.0 = Release|Any CPU
		{B68D0ACB-4239-4B2F-B240-BC7C0B16F623}.Release|iPhone.ActiveCfg = Release|Any CPU
		{B68D0ACB-4239-4B2F-B240-BC7C0B16F623}.Release|iPhone.Build.0 = Release|Any CPU
		{B68D0ACB-4239-4B2F-B240-BC7C0B16F623}.Release|iPhone.Deploy.0 = Release|Any CPU
		{B68D0ACB-4239-4B2F-B240-BC7C0B16F623}.Release|iPhoneSimulator.ActiveCfg = Release|Any CPU
		{B68D0ACB-4239-4B2F-B240-BC7C0B16F623}.Release|iPhoneSimulator.Build.0 = Release|Any CPU
		{B68D0ACB-4239-4B2F-B240-BC7C0B16F623}.Release|iPhoneSimulator.Deploy.0 = Release|Any CPU
		{B68D0ACB-4239-4B2F-B240-BC7C0B16F623}.Release|x86.ActiveCfg = Release|Any CPU
		{B68D0ACB-4239-4B2F-B240-BC7C0B16F623}.Release|x86.Build.0 = Release|Any CPU
		{B68D0ACB-4239-4B2F-B240-BC7C0B16F623}.Release|x86.Deploy.0 = Release|Any CPU
		{D67DE692-4D46-498E-90D1-D4A4C247EEBC}.Ad-Hoc|Any CPU.ActiveCfg = Ad-Hoc|iPhone
		{D67DE692-4D46-498E-90D1-D4A4C247EEBC}.Ad-Hoc|ARM.ActiveCfg = Ad-Hoc|iPhone
		{D67DE692-4D46-498E-90D1-D4A4C247EEBC}.Ad-Hoc|iPhone.ActiveCfg = Ad-Hoc|iPhone
		{D67DE692-4D46-498E-90D1-D4A4C247EEBC}.Ad-Hoc|iPhone.Build.0 = Ad-Hoc|iPhone
		{D67DE692-4D46-498E-90D1-D4A4C247EEBC}.Ad-Hoc|iPhoneSimulator.ActiveCfg = Ad-Hoc|iPhoneSimulator
		{D67DE692-4D46-498E-90D1-D4A4C247EEBC}.Ad-Hoc|iPhoneSimulator.Build.0 = Ad-Hoc|iPhoneSimulator
		{D67DE692-4D46-498E-90D1-D4A4C247EEBC}.Ad-Hoc|x86.ActiveCfg = Ad-Hoc|iPhone
		{D67DE692-4D46-498E-90D1-D4A4C247EEBC}.AppStore|Any CPU.ActiveCfg = AppStore|iPhone
		{D67DE692-4D46-498E-90D1-D4A4C247EEBC}.AppStore|ARM.ActiveCfg = AppStore|iPhone
		{D67DE692-4D46-498E-90D1-D4A4C247EEBC}.AppStore|iPhone.ActiveCfg = AppStore|iPhone
		{D67DE692-4D46-498E-90D1-D4A4C247EEBC}.AppStore|iPhone.Build.0 = AppStore|iPhone
		{D67DE692-4D46-498E-90D1-D4A4C247EEBC}.AppStore|iPhoneSimulator.ActiveCfg = AppStore|iPhoneSimulator
		{D67DE692-4D46-498E-90D1-D4A4C247EEBC}.AppStore|iPhoneSimulator.Build.0 = AppStore|iPhoneSimulator
		{D67DE692-4D46-498E-90D1-D4A4C247EEBC}.AppStore|x86.ActiveCfg = AppStore|iPhone
		{D67DE692-4D46-498E-90D1-D4A4C247EEBC}.Debug|Any CPU.ActiveCfg = Debug|iPhone
		{D67DE692-4D46-498E-90D1-D4A4C247EEBC}.Debug|ARM.ActiveCfg = Debug|iPhone
		{D67DE692-4D46-498E-90D1-D4A4C247EEBC}.Debug|iPhone.ActiveCfg = Debug|iPhone
		{D67DE692-4D46-498E-90D1-D4A4C247EEBC}.Debug|iPhone.Build.0 = Debug|iPhone
		{D67DE692-4D46-498E-90D1-D4A4C247EEBC}.Debug|iPhoneSimulator.ActiveCfg = Debug|iPhoneSimulator
		{D67DE692-4D46-498E-90D1-D4A4C247EEBC}.Debug|iPhoneSimulator.Build.0 = Debug|iPhoneSimulator
		{D67DE692-4D46-498E-90D1-D4A4C247EEBC}.Debug|x86.ActiveCfg = Debug|iPhone
		{D67DE692-4D46-498E-90D1-D4A4C247EEBC}.Release|Any CPU.ActiveCfg = Release|iPhone
		{D67DE692-4D46-498E-90D1-D4A4C247EEBC}.Release|ARM.ActiveCfg = Release|iPhone
		{D67DE692-4D46-498E-90D1-D4A4C247EEBC}.Release|iPhone.ActiveCfg = Release|iPhone
		{D67DE692-4D46-498E-90D1-D4A4C247EEBC}.Release|iPhone.Build.0 = Release|iPhone
		{D67DE692-4D46-498E-90D1-D4A4C247EEBC}.Release|iPhoneSimulator.ActiveCfg = Release|iPhoneSimulator
		{D67DE692-4D46-498E-90D1-D4A4C247EEBC}.Release|iPhoneSimulator.Build.0 = Release|iPhoneSimulator
		{D67DE692-4D46-498E-90D1-D4A4C247EEBC}.Release|x86.ActiveCfg = Release|iPhone
		{F0A7798B-49C5-465F-83C6-A8733EFF013D}.Ad-Hoc|Any CPU.ActiveCfg = Release|Any CPU
		{F0A7798B-49C5-465F-83C6-A8733EFF013D}.Ad-Hoc|Any CPU.Build.0 = Release|Any CPU
		{F0A7798B-49C5-465F-83C6-A8733EFF013D}.Ad-Hoc|Any CPU.Deploy.0 = Release|Any CPU
		{F0A7798B-49C5-465F-83C6-A8733EFF013D}.Ad-Hoc|ARM.ActiveCfg = Release|ARM
		{F0A7798B-49C5-465F-83C6-A8733EFF013D}.Ad-Hoc|ARM.Build.0 = Release|ARM
		{F0A7798B-49C5-465F-83C6-A8733EFF013D}.Ad-Hoc|ARM.Deploy.0 = Release|ARM
		{F0A7798B-49C5-465F-83C6-A8733EFF013D}.Ad-Hoc|iPhone.ActiveCfg = Release|Any CPU
		{F0A7798B-49C5-465F-83C6-A8733EFF013D}.Ad-Hoc|iPhone.Build.0 = Release|Any CPU
		{F0A7798B-49C5-465F-83C6-A8733EFF013D}.Ad-Hoc|iPhone.Deploy.0 = Release|Any CPU
		{F0A7798B-49C5-465F-83C6-A8733EFF013D}.Ad-Hoc|iPhoneSimulator.ActiveCfg = Release|Any CPU
		{F0A7798B-49C5-465F-83C6-A8733EFF013D}.Ad-Hoc|iPhoneSimulator.Build.0 = Release|Any CPU
		{F0A7798B-49C5-465F-83C6-A8733EFF013D}.Ad-Hoc|iPhoneSimulator.Deploy.0 = Release|Any CPU
		{F0A7798B-49C5-465F-83C6-A8733EFF013D}.Ad-Hoc|x86.ActiveCfg = Release|x86
		{F0A7798B-49C5-465F-83C6-A8733EFF013D}.Ad-Hoc|x86.Build.0 = Release|x86
		{F0A7798B-49C5-465F-83C6-A8733EFF013D}.Ad-Hoc|x86.Deploy.0 = Release|x86
		{F0A7798B-49C5-465F-83C6-A8733EFF013D}.AppStore|Any CPU.ActiveCfg = Release|Any CPU
		{F0A7798B-49C5-465F-83C6-A8733EFF013D}.AppStore|Any CPU.Build.0 = Release|Any CPU
		{F0A7798B-49C5-465F-83C6-A8733EFF013D}.AppStore|Any CPU.Deploy.0 = Release|Any CPU
		{F0A7798B-49C5-465F-83C6-A8733EFF013D}.AppStore|ARM.ActiveCfg = Release|ARM
		{F0A7798B-49C5-465F-83C6-A8733EFF013D}.AppStore|ARM.Build.0 = Release|ARM
		{F0A7798B-49C5-465F-83C6-A8733EFF013D}.AppStore|ARM.Deploy.0 = Release|ARM
		{F0A7798B-49C5-465F-83C6-A8733EFF013D}.AppStore|iPhone.ActiveCfg = Release|Any CPU
		{F0A7798B-49C5-465F-83C6-A8733EFF013D}.AppStore|iPhone.Build.0 = Release|Any CPU
		{F0A7798B-49C5-465F-83C6-A8733EFF013D}.AppStore|iPhone.Deploy.0 = Release|Any CPU
		{F0A7798B-49C5-465F-83C6-A8733EFF013D}.AppStore|iPhoneSimulator.ActiveCfg = Release|Any CPU
		{F0A7798B-49C5-465F-83C6-A8733EFF013D}.AppStore|iPhoneSimulator.Build.0 = Release|Any CPU
		{F0A7798B-49C5-465F-83C6-A8733EFF013D}.AppStore|iPhoneSimulator.Deploy.0 = Release|Any CPU
		{F0A7798B-49C5-465F-83C6-A8733EFF013D}.AppStore|x86.ActiveCfg = Release|x86
		{F0A7798B-49C5-465F-83C6-A8733EFF013D}.AppStore|x86.Build.0 = Release|x86
		{F0A7798B-49C5-465F-83C6-A8733EFF013D}.AppStore|x86.Deploy.0 = Release|x86
		{F0A7798B-49C5-465F-83C6-A8733EFF013D}.Debug|Any CPU.ActiveCfg = Debug|Any CPU
		{F0A7798B-49C5-465F-83C6-A8733EFF013D}.Debug|Any CPU.Build.0 = Debug|Any CPU
		{F0A7798B-49C5-465F-83C6-A8733EFF013D}.Debug|Any CPU.Deploy.0 = Debug|Any CPU
		{F0A7798B-49C5-465F-83C6-A8733EFF013D}.Debug|ARM.ActiveCfg = Debug|ARM
		{F0A7798B-49C5-465F-83C6-A8733EFF013D}.Debug|ARM.Build.0 = Debug|ARM
		{F0A7798B-49C5-465F-83C6-A8733EFF013D}.Debug|ARM.Deploy.0 = Debug|ARM
		{F0A7798B-49C5-465F-83C6-A8733EFF013D}.Debug|iPhone.ActiveCfg = Debug|Any CPU
		{F0A7798B-49C5-465F-83C6-A8733EFF013D}.Debug|iPhone.Build.0 = Debug|Any CPU
		{F0A7798B-49C5-465F-83C6-A8733EFF013D}.Debug|iPhone.Deploy.0 = Debug|Any CPU
		{F0A7798B-49C5-465F-83C6-A8733EFF013D}.Debug|iPhoneSimulator.ActiveCfg = Debug|Any CPU
		{F0A7798B-49C5-465F-83C6-A8733EFF013D}.Debug|iPhoneSimulator.Build.0 = Debug|Any CPU
		{F0A7798B-49C5-465F-83C6-A8733EFF013D}.Debug|iPhoneSimulator.Deploy.0 = Debug|Any CPU
		{F0A7798B-49C5-465F-83C6-A8733EFF013D}.Debug|x86.ActiveCfg = Debug|x86
		{F0A7798B-49C5-465F-83C6-A8733EFF013D}.Debug|x86.Build.0 = Debug|x86
		{F0A7798B-49C5-465F-83C6-A8733EFF013D}.Debug|x86.Deploy.0 = Debug|x86
		{F0A7798B-49C5-465F-83C6-A8733EFF013D}.Release|Any CPU.ActiveCfg = Release|Any CPU
		{F0A7798B-49C5-465F-83C6-A8733EFF013D}.Release|Any CPU.Build.0 = Release|Any CPU
		{F0A7798B-49C5-465F-83C6-A8733EFF013D}.Release|Any CPU.Deploy.0 = Release|Any CPU
		{F0A7798B-49C5-465F-83C6-A8733EFF013D}.Release|ARM.ActiveCfg = Release|ARM
		{F0A7798B-49C5-465F-83C6-A8733EFF013D}.Release|ARM.Build.0 = Release|ARM
		{F0A7798B-49C5-465F-83C6-A8733EFF013D}.Release|ARM.Deploy.0 = Release|ARM
		{F0A7798B-49C5-465F-83C6-A8733EFF013D}.Release|iPhone.ActiveCfg = Release|Any CPU
		{F0A7798B-49C5-465F-83C6-A8733EFF013D}.Release|iPhone.Build.0 = Release|Any CPU
		{F0A7798B-49C5-465F-83C6-A8733EFF013D}.Release|iPhone.Deploy.0 = Release|Any CPU
		{F0A7798B-49C5-465F-83C6-A8733EFF013D}.Release|iPhoneSimulator.ActiveCfg = Release|Any CPU
		{F0A7798B-49C5-465F-83C6-A8733EFF013D}.Release|iPhoneSimulator.Build.0 = Release|Any CPU
		{F0A7798B-49C5-465F-83C6-A8733EFF013D}.Release|iPhoneSimulator.Deploy.0 = Release|Any CPU
		{F0A7798B-49C5-465F-83C6-A8733EFF013D}.Release|x86.ActiveCfg = Release|x86
		{F0A7798B-49C5-465F-83C6-A8733EFF013D}.Release|x86.Build.0 = Release|x86
		{F0A7798B-49C5-465F-83C6-A8733EFF013D}.Release|x86.Deploy.0 = Release|x86
		{39CB5FBA-CE22-4AD9-BAFA-02ED046680A4}.Ad-Hoc|Any CPU.ActiveCfg = Release|Any CPU
		{39CB5FBA-CE22-4AD9-BAFA-02ED046680A4}.Ad-Hoc|Any CPU.Build.0 = Release|Any CPU
		{39CB5FBA-CE22-4AD9-BAFA-02ED046680A4}.Ad-Hoc|ARM.ActiveCfg = Release|Any CPU
		{39CB5FBA-CE22-4AD9-BAFA-02ED046680A4}.Ad-Hoc|ARM.Build.0 = Release|Any CPU
		{39CB5FBA-CE22-4AD9-BAFA-02ED046680A4}.Ad-Hoc|iPhone.ActiveCfg = Release|Any CPU
		{39CB5FBA-CE22-4AD9-BAFA-02ED046680A4}.Ad-Hoc|iPhone.Build.0 = Release|Any CPU
		{39CB5FBA-CE22-4AD9-BAFA-02ED046680A4}.Ad-Hoc|iPhoneSimulator.ActiveCfg = Release|Any CPU
		{39CB5FBA-CE22-4AD9-BAFA-02ED046680A4}.Ad-Hoc|iPhoneSimulator.Build.0 = Release|Any CPU
		{39CB5FBA-CE22-4AD9-BAFA-02ED046680A4}.Ad-Hoc|x86.ActiveCfg = Release|Any CPU
		{39CB5FBA-CE22-4AD9-BAFA-02ED046680A4}.Ad-Hoc|x86.Build.0 = Release|Any CPU
		{39CB5FBA-CE22-4AD9-BAFA-02ED046680A4}.AppStore|Any CPU.ActiveCfg = Release|Any CPU
		{39CB5FBA-CE22-4AD9-BAFA-02ED046680A4}.AppStore|Any CPU.Build.0 = Release|Any CPU
		{39CB5FBA-CE22-4AD9-BAFA-02ED046680A4}.AppStore|ARM.ActiveCfg = Release|Any CPU
		{39CB5FBA-CE22-4AD9-BAFA-02ED046680A4}.AppStore|ARM.Build.0 = Release|Any CPU
		{39CB5FBA-CE22-4AD9-BAFA-02ED046680A4}.AppStore|iPhone.ActiveCfg = Release|Any CPU
		{39CB5FBA-CE22-4AD9-BAFA-02ED046680A4}.AppStore|iPhone.Build.0 = Release|Any CPU
		{39CB5FBA-CE22-4AD9-BAFA-02ED046680A4}.AppStore|iPhoneSimulator.ActiveCfg = Release|Any CPU
		{39CB5FBA-CE22-4AD9-BAFA-02ED046680A4}.AppStore|iPhoneSimulator.Build.0 = Release|Any CPU
		{39CB5FBA-CE22-4AD9-BAFA-02ED046680A4}.AppStore|x86.ActiveCfg = Release|Any CPU
		{39CB5FBA-CE22-4AD9-BAFA-02ED046680A4}.AppStore|x86.Build.0 = Release|Any CPU
		{39CB5FBA-CE22-4AD9-BAFA-02ED046680A4}.Debug|Any CPU.ActiveCfg = Debug|Any CPU
		{39CB5FBA-CE22-4AD9-BAFA-02ED046680A4}.Debug|Any CPU.Build.0 = Debug|Any CPU
		{39CB5FBA-CE22-4AD9-BAFA-02ED046680A4}.Debug|ARM.ActiveCfg = Debug|Any CPU
		{39CB5FBA-CE22-4AD9-BAFA-02ED046680A4}.Debug|ARM.Build.0 = Debug|Any CPU
		{39CB5FBA-CE22-4AD9-BAFA-02ED046680A4}.Debug|iPhone.ActiveCfg = Debug|Any CPU
		{39CB5FBA-CE22-4AD9-BAFA-02ED046680A4}.Debug|iPhone.Build.0 = Debug|Any CPU
		{39CB5FBA-CE22-4AD9-BAFA-02ED046680A4}.Debug|iPhoneSimulator.ActiveCfg = Debug|Any CPU
		{39CB5FBA-CE22-4AD9-BAFA-02ED046680A4}.Debug|iPhoneSimulator.Build.0 = Debug|Any CPU
		{39CB5FBA-CE22-4AD9-BAFA-02ED046680A4}.Debug|x86.ActiveCfg = Debug|Any CPU
		{39CB5FBA-CE22-4AD9-BAFA-02ED046680A4}.Debug|x86.Build.0 = Debug|Any CPU
		{39CB5FBA-CE22-4AD9-BAFA-02ED046680A4}.Release|Any CPU.ActiveCfg = Release|Any CPU
		{39CB5FBA-CE22-4AD9-BAFA-02ED046680A4}.Release|Any CPU.Build.0 = Release|Any CPU
		{39CB5FBA-CE22-4AD9-BAFA-02ED046680A4}.Release|ARM.ActiveCfg = Release|Any CPU
		{39CB5FBA-CE22-4AD9-BAFA-02ED046680A4}.Release|ARM.Build.0 = Release|Any CPU
		{39CB5FBA-CE22-4AD9-BAFA-02ED046680A4}.Release|iPhone.ActiveCfg = Release|Any CPU
		{39CB5FBA-CE22-4AD9-BAFA-02ED046680A4}.Release|iPhone.Build.0 = Release|Any CPU
		{39CB5FBA-CE22-4AD9-BAFA-02ED046680A4}.Release|iPhoneSimulator.ActiveCfg = Release|Any CPU
		{39CB5FBA-CE22-4AD9-BAFA-02ED046680A4}.Release|iPhoneSimulator.Build.0 = Release|Any CPU
		{39CB5FBA-CE22-4AD9-BAFA-02ED046680A4}.Release|x86.ActiveCfg = Release|Any CPU
		{39CB5FBA-CE22-4AD9-BAFA-02ED046680A4}.Release|x86.Build.0 = Release|Any CPU
	EndGlobalSection
	GlobalSection(SolutionProperties) = preSolution
		HideSolutionNode = FALSE
	EndGlobalSection
EndGlobal
